// !$*UTF8*$!
{
	archiveVersion = 1;
	classes = {
	};
	objectVersion = 50;
	objects = {

/* Begin PBXBuildFile section */
		B5CDF2F726B9769200614622 /* AppDelegate.swift in Sources */ = {isa = PBXBuildFile; fileRef = B5CDF2F626B9769200614622 /* AppDelegate.swift */; };
		B5CDF2F926B9769200614622 /* SceneDelegate.swift in Sources */ = {isa = PBXBuildFile; fileRef = B5CDF2F826B9769200614622 /* SceneDelegate.swift */; };
		B5CDF2FB26B9769200614622 /* ViewController.swift in Sources */ = {isa = PBXBuildFile; fileRef = B5CDF2FA26B9769200614622 /* ViewController.swift */; };
		B5CDF2FE26B9769200614622 /* Main.storyboard in Resources */ = {isa = PBXBuildFile; fileRef = B5CDF2FC26B9769200614622 /* Main.storyboard */; };
		B5CDF30026B9769300614622 /* Assets.xcassets in Resources */ = {isa = PBXBuildFile; fileRef = B5CDF2FF26B9769300614622 /* Assets.xcassets */; };
		B5CDF30326B9769300614622 /* LaunchScreen.storyboard in Resources */ = {isa = PBXBuildFile; fileRef = B5CDF30126B9769300614622 /* LaunchScreen.storyboard */; };
		E79B05AEAB6E253260160D2B /* Pods_HomeWorkProject_2_9.framework in Frameworks */ = {isa = PBXBuildFile; fileRef = B9808163628278962A82FF5F /* Pods_HomeWorkProject_2_9.framework */; };
/* End PBXBuildFile section */

/* Begin PBXFileReference section */
		03EC81CD9F090EC250C45095 /* Pods-HomeWorkProject_2.9.release.xcconfig */ = {isa = PBXFileReference; includeInIndex = 1; lastKnownFileType = text.xcconfig; name = "Pods-HomeWorkProject_2.9.release.xcconfig"; path = "Target Support Files/Pods-HomeWorkProject_2.9/Pods-HomeWorkProject_2.9.release.xcconfig"; sourceTree = "<group>"; };
		0E64F92929D9C36E31095998 /* Pods-HomeWorkProject_2.9.debug.xcconfig */ = {isa = PBXFileReference; includeInIndex = 1; lastKnownFileType = text.xcconfig; name = "Pods-HomeWorkProject_2.9.debug.xcconfig"; path = "Target Support Files/Pods-HomeWorkProject_2.9/Pods-HomeWorkProject_2.9.debug.xcconfig"; sourceTree = "<group>"; };
		B5CDF2F326B9769200614622 /* HomeWorkProject_2.9.app */ = {isa = PBXFileReference; explicitFileType = wrapper.application; includeInIndex = 0; path = HomeWorkProject_2.9.app; sourceTree = BUILT_PRODUCTS_DIR; };
		B5CDF2F626B9769200614622 /* AppDelegate.swift */ = {isa = PBXFileReference; lastKnownFileType = sourcecode.swift; path = AppDelegate.swift; sourceTree = "<group>"; };
		B5CDF2F826B9769200614622 /* SceneDelegate.swift */ = {isa = PBXFileReference; lastKnownFileType = sourcecode.swift; path = SceneDelegate.swift; sourceTree = "<group>"; };
		B5CDF2FA26B9769200614622 /* ViewController.swift */ = {isa = PBXFileReference; lastKnownFileType = sourcecode.swift; path = ViewController.swift; sourceTree = "<group>"; };
		B5CDF2FD26B9769200614622 /* Base */ = {isa = PBXFileReference; lastKnownFileType = file.storyboard; name = Base; path = Base.lproj/Main.storyboard; sourceTree = "<group>"; };
		B5CDF2FF26B9769300614622 /* Assets.xcassets */ = {isa = PBXFileReference; lastKnownFileType = folder.assetcatalog; path = Assets.xcassets; sourceTree = "<group>"; };
		B5CDF30226B9769300614622 /* Base */ = {isa = PBXFileReference; lastKnownFileType = file.storyboard; name = Base; path = Base.lproj/LaunchScreen.storyboard; sourceTree = "<group>"; };
		B5CDF30426B9769300614622 /* Info.plist */ = {isa = PBXFileReference; lastKnownFileType = text.plist.xml; path = Info.plist; sourceTree = "<group>"; };
		B9808163628278962A82FF5F /* Pods_HomeWorkProject_2_9.framework */ = {isa = PBXFileReference; explicitFileType = wrapper.framework; includeInIndex = 0; path = Pods_HomeWorkProject_2_9.framework; sourceTree = BUILT_PRODUCTS_DIR; };
/* End PBXFileReference section */

/* Begin PBXFrameworksBuildPhase section */
		B5CDF2F026B9769200614622 /* Frameworks */ = {
			isa = PBXFrameworksBuildPhase;
			buildActionMask = 2147483647;
			files = (
				E79B05AEAB6E253260160D2B /* Pods_HomeWorkProject_2_9.framework in Frameworks */,
			);
			runOnlyForDeploymentPostprocessing = 0;
		};
/* End PBXFrameworksBuildPhase section */

/* Begin PBXGroup section */
		26A2154A03C576649FB10C93 /* Pods */ = {
			isa = PBXGroup;
			children = (
				0E64F92929D9C36E31095998 /* Pods-HomeWorkProject_2.9.debug.xcconfig */,
				03EC81CD9F090EC250C45095 /* Pods-HomeWorkProject_2.9.release.xcconfig */,
			);
			name = Pods;
			path = Pods;
			sourceTree = "<group>";
		};
		B5CDF2EA26B9769200614622 = {
			isa = PBXGroup;
			children = (
				B5CDF2F526B9769200614622 /* HomeWorkProject_2.9 */,
				B5CDF2F426B9769200614622 /* Products */,
				26A2154A03C576649FB10C93 /* Pods */,
				BF5B8D7C4F44BBCCB7B26C32 /* Frameworks */,
			);
			sourceTree = "<group>";
		};
		B5CDF2F426B9769200614622 /* Products */ = {
			isa = PBXGroup;
			children = (
				B5CDF2F326B9769200614622 /* HomeWorkProject_2.9.app */,
			);
			name = Products;
			sourceTree = "<group>";
		};
		B5CDF2F526B9769200614622 /* HomeWorkProject_2.9 */ = {
			isa = PBXGroup;
			children = (
				B5CDF2F626B9769200614622 /* AppDelegate.swift */,
				B5CDF2F826B9769200614622 /* SceneDelegate.swift */,
				B5CDF2FA26B9769200614622 /* ViewController.swift */,
				B5CDF2FC26B9769200614622 /* Main.storyboard */,
				B5CDF2FF26B9769300614622 /* Assets.xcassets */,
				B5CDF30126B9769300614622 /* LaunchScreen.storyboard */,
				B5CDF30426B9769300614622 /* Info.plist */,
			);
			path = HomeWorkProject_2.9;
			sourceTree = "<group>";
		};
		BF5B8D7C4F44BBCCB7B26C32 /* Frameworks */ = {
			isa = PBXGroup;
			children = (
				B9808163628278962A82FF5F /* Pods_HomeWorkProject_2_9.framework */,
			);
			name = Frameworks;
			sourceTree = "<group>";
		};
/* End PBXGroup section */

/* Begin PBXNativeTarget section */
		B5CDF2F226B9769200614622 /* HomeWorkProject_2.9 */ = {
			isa = PBXNativeTarget;
			buildConfigurationList = B5CDF30726B9769300614622 /* Build configuration list for PBXNativeTarget "HomeWorkProject_2.9" */;
			buildPhases = (
				1076F10649DEB7122AD42E01 /* [CP] Check Pods Manifest.lock */,
				B5CDF2EF26B9769200614622 /* Sources */,
				B5CDF2F026B9769200614622 /* Frameworks */,
				B5CDF2F126B9769200614622 /* Resources */,
				D047480E6E6A6ADDEAE46768 /* [CP] Embed Pods Frameworks */,
			);
			buildRules = (
			);
			dependencies = (
			);
			name = HomeWorkProject_2.9;
			productName = HomeWorkProject_2.9;
			productReference = B5CDF2F326B9769200614622 /* HomeWorkProject_2.9.app */;
			productType = "com.apple.product-type.application";
		};
/* End PBXNativeTarget section */

/* Begin PBXProject section */
		B5CDF2EB26B9769200614622 /* Project object */ = {
			isa = PBXProject;
			attributes = {
				LastSwiftUpdateCheck = 1240;
				LastUpgradeCheck = 1240;
				TargetAttributes = {
					B5CDF2F226B9769200614622 = {
						CreatedOnToolsVersion = 12.4;
					};
				};
			};
			buildConfigurationList = B5CDF2EE26B9769200614622 /* Build configuration list for PBXProject "HomeWorkProject_2.9" */;
			compatibilityVersion = "Xcode 9.3";
			developmentRegion = en;
			hasScannedForEncodings = 0;
			knownRegions = (
				en,
				Base,
			);
			mainGroup = B5CDF2EA26B9769200614622;
			productRefGroup = B5CDF2F426B9769200614622 /* Products */;
			projectDirPath = "";
			projectRoot = "";
			targets = (
				B5CDF2F226B9769200614622 /* HomeWorkProject_2.9 */,
			);
		};
/* End PBXProject section */

/* Begin PBXResourcesBuildPhase section */
		B5CDF2F126B9769200614622 /* Resources */ = {
			isa = PBXResourcesBuildPhase;
			buildActionMask = 2147483647;
			files = (
				B5CDF30326B9769300614622 /* LaunchScreen.storyboard in Resources */,
				B5CDF30026B9769300614622 /* Assets.xcassets in Resources */,
				B5CDF2FE26B9769200614622 /* Main.storyboard in Resources */,
			);
			runOnlyForDeploymentPostprocessing = 0;
		};
/* End PBXResourcesBuildPhase section */

/* Begin PBXShellScriptBuildPhase section */
		1076F10649DEB7122AD42E01 /* [CP] Check Pods Manifest.lock */ = {
			isa = PBXShellScriptBuildPhase;
			buildActionMask = 2147483647;
			files = (
			);
			inputFileListPaths = (
			);
			inputPaths = (
				"${PODS_PODFILE_DIR_PATH}/Podfile.lock",
				"${PODS_ROOT}/Manifest.lock",
			);
			name = "[CP] Check Pods Manifest.lock";
			outputFileListPaths = (
			);
			outputPaths = (
				"$(DERIVED_FILE_DIR)/Pods-HomeWorkProject_2.9-checkManifestLockResult.txt",
			);
			runOnlyForDeploymentPostprocessing = 0;
			shellPath = /bin/sh;
			shellScript = "diff \"${PODS_PODFILE_DIR_PATH}/Podfile.lock\" \"${PODS_ROOT}/Manifest.lock\" > /dev/null\nif [ $? != 0 ] ; then\n    # print error to STDERR\n    echo \"error: The sandbox is not in sync with the Podfile.lock. Run 'pod install' or update your CocoaPods installation.\" >&2\n    exit 1\nfi\n# This output is used by Xcode 'outputs' to avoid re-running this script phase.\necho \"SUCCESS\" > \"${SCRIPT_OUTPUT_FILE_0}\"\n";
			showEnvVarsInLog = 0;
		};
		D047480E6E6A6ADDEAE46768 /* [CP] Embed Pods Frameworks */ = {
			isa = PBXShellScriptBuildPhase;
			buildActionMask = 2147483647;
			files = (
			);
			inputFileListPaths = (
				"${PODS_ROOT}/Target Support Files/Pods-HomeWorkProject_2.9/Pods-HomeWorkProject_2.9-frameworks-${CONFIGURATION}-input-files.xcfilelist",
			);
			name = "[CP] Embed Pods Frameworks";
			outputFileListPaths = (
				"${PODS_ROOT}/Target Support Files/Pods-HomeWorkProject_2.9/Pods-HomeWorkProject_2.9-frameworks-${CONFIGURATION}-output-files.xcfilelist",
			);
			runOnlyForDeploymentPostprocessing = 0;
			shellPath = /bin/sh;
			shellScript = "\"${PODS_ROOT}/Target Support Files/Pods-HomeWorkProject_2.9/Pods-HomeWorkProject_2.9-frameworks.sh\"\n";
			showEnvVarsInLog = 0;
		};
/* End PBXShellScriptBuildPhase section */

/* Begin PBXSourcesBuildPhase section */
		B5CDF2EF26B9769200614622 /* Sources */ = {
			isa = PBXSourcesBuildPhase;
			buildActionMask = 2147483647;
			files = (
				B5CDF2FB26B9769200614622 /* ViewController.swift in Sources */,
				B5CDF2F726B9769200614622 /* AppDelegate.swift in Sources */,
				B5CDF2F926B9769200614622 /* SceneDelegate.swift in Sources */,
			);
			runOnlyForDeploymentPostprocessing = 0;
		};
/* End PBXSourcesBuildPhase section */

/* Begin PBXVariantGroup section */
		B5CDF2FC26B9769200614622 /* Main.storyboard */ = {
			isa = PBXVariantGroup;
			children = (
				B5CDF2FD26B9769200614622 /* Base */,
			);
			name = Main.storyboard;
			sourceTree = "<group>";
		};
		B5CDF30126B9769300614622 /* LaunchScreen.storyboard */ = {
			isa = PBXVariantGroup;
			children = (
				B5CDF30226B9769300614622 /* Base */,
			);
			name = LaunchScreen.storyboard;
			sourceTree = "<group>";
		};
/* End PBXVariantGroup section */

/* Begin XCBuildConfiguration section */
		B5CDF30526B9769300614622 /* Debug */ = {
			isa = XCBuildConfiguration;
			buildSettings = {
				ALWAYS_SEARCH_USER_PATHS = NO;
				CLANG_ANALYZER_NONNULL = YES;
				CLANG_ANALYZER_NUMBER_OBJECT_CONVERSION = YES_AGGRESSIVE;
				CLANG_CXX_LANGUAGE_STANDARD = "gnu++14";
				CLANG_CXX_LIBRARY = "libc++";
				CLANG_ENABLE_MODULES = YES;
				CLANG_ENABLE_OBJC_ARC = YES;
				CLANG_ENABLE_OBJC_WEAK = YES;
				CLANG_WARN_BLOCK_CAPTURE_AUTORELEASING = YES;
				CLANG_WARN_BOOL_CONVERSION = YES;
				CLANG_WARN_COMMA = YES;
				CLANG_WARN_CONSTANT_CONVERSION = YES;
				CLANG_WARN_DEPRECATED_OBJC_IMPLEMENTATIONS = YES;
				CLANG_WARN_DIRECT_OBJC_ISA_USAGE = YES_ERROR;
				CLANG_WARN_DOCUMENTATION_COMMENTS = YES;
				CLANG_WARN_EMPTY_BODY = YES;
				CLANG_WARN_ENUM_CONVERSION = YES;
				CLANG_WARN_INFINITE_RECURSION = YES;
				CLANG_WARN_INT_CONVERSION = YES;
				CLANG_WARN_NON_LITERAL_NULL_CONVERSION = YES;
				CLANG_WARN_OBJC_IMPLICIT_RETAIN_SELF = YES;
				CLANG_WARN_OBJC_LITERAL_CONVERSION = YES;
				CLANG_WARN_OBJC_ROOT_CLASS = YES_ERROR;
				CLANG_WARN_QUOTED_INCLUDE_IN_FRAMEWORK_HEADER = YES;
				CLANG_WARN_RANGE_LOOP_ANALYSIS = YES;
				CLANG_WARN_STRICT_PROTOTYPES = YES;
				CLANG_WARN_SUSPICIOUS_MOVE = YES;
				CLANG_WARN_UNGUARDED_AVAILABILITY = YES_AGGRESSIVE;
				CLANG_WARN_UNREACHABLE_CODE = YES;
				CLANG_WARN__DUPLICATE_METHOD_MATCH = YES;
				COPY_PHASE_STRIP = NO;
				DEBUG_INFORMATION_FORMAT = dwarf;
				ENABLE_STRICT_OBJC_MSGSEND = YES;
				ENABLE_TESTABILITY = YES;
				GCC_C_LANGUAGE_STANDARD = gnu11;
				GCC_DYNAMIC_NO_PIC = NO;
				GCC_NO_COMMON_BLOCKS = YES;
				GCC_OPTIMIZATION_LEVEL = 0;
				GCC_PREPROCESSOR_DEFINITIONS = (
					"DEBUG=1",
					"$(inherited)",
				);
				GCC_WARN_64_TO_32_BIT_CONVERSION = YES;
				GCC_WARN_ABOUT_RETURN_TYPE = YES_ERROR;
				GCC_WARN_UNDECLARED_SELECTOR = YES;
				GCC_WARN_UNINITIALIZED_AUTOS = YES_AGGRESSIVE;
				GCC_WARN_UNUSED_FUNCTION = YES;
				GCC_WARN_UNUSED_VARIABLE = YES;
				IPHONEOS_DEPLOYMENT_TARGET = 14.4;
				MTL_ENABLE_DEBUG_INFO = INCLUDE_SOURCE;
				MTL_FAST_MATH = YES;
				ONLY_ACTIVE_ARCH = YES;
				SDKROOT = iphoneos;
				SWIFT_ACTIVE_COMPILATION_CONDITIONS = DEBUG;
				SWIFT_OPTIMIZATION_LEVEL = "-Onone";
			};
			name = Debug;
		};
		B5CDF30626B9769300614622 /* Release */ = {
			isa = XCBuildConfiguration;
			buildSettings = {
				ALWAYS_SEARCH_USER_PATHS = NO;
				CLANG_ANALYZER_NONNULL = YES;
				CLANG_ANALYZER_NUMBER_OBJECT_CONVERSION = YES_AGGRESSIVE;
				CLANG_CXX_LANGUAGE_STANDARD = "gnu++14";
				CLANG_CXX_LIBRARY = "libc++";
				CLANG_ENABLE_MODULES = YES;
				CLANG_ENABLE_OBJC_ARC = YES;
				CLANG_ENABLE_OBJC_WEAK = YES;
				CLANG_WARN_BLOCK_CAPTURE_AUTORELEASING = YES;
				CLANG_WARN_BOOL_CONVERSION = YES;
				CLANG_WARN_COMMA = YES;
				CLANG_WARN_CONSTANT_CONVERSION = YES;
				CLANG_WARN_DEPRECATED_OBJC_IMPLEMENTATIONS = YES;
				CLANG_WARN_DIRECT_OBJC_ISA_USAGE = YES_ERROR;
				CLANG_WARN_DOCUMENTATION_COMMENTS = YES;
				CLANG_WARN_EMPTY_BODY = YES;
				CLANG_WARN_ENUM_CONVERSION = YES;
				CLANG_WARN_INFINITE_RECURSION = YES;
				CLANG_WARN_INT_CONVERSION = YES;
				CLANG_WARN_NON_LITERAL_NULL_CONVERSION = YES;
				CLANG_WARN_OBJC_IMPLICIT_RETAIN_SELF = YES;
				CLANG_WARN_OBJC_LITERAL_CONVERSION = YES;
				CLANG_WARN_OBJC_ROOT_CLASS = YES_ERROR;
				CLANG_WARN_QUOTED_INCLUDE_IN_FRAMEWORK_HEADER = YES;
				CLANG_WARN_RANGE_LOOP_ANALYSIS = YES;
				CLANG_WARN_STRICT_PROTOTYPES = YES;
				CLANG_WARN_SUSPICIOUS_MOVE = YES;
				CLANG_WARN_UNGUARDED_AVAILABILITY = YES_AGGRESSIVE;
				CLANG_WARN_UNREACHABLE_CODE = YES;
				CLANG_WARN__DUPLICATE_METHOD_MATCH = YES;
				COPY_PHASE_STRIP = NO;
				DEBUG_INFORMATION_FORMAT = "dwarf-with-dsym";
				ENABLE_NS_ASSERTIONS = NO;
				ENABLE_STRICT_OBJC_MSGSEND = YES;
				GCC_C_LANGUAGE_STANDARD = gnu11;
				GCC_NO_COMMON_BLOCKS = YES;
				GCC_WARN_64_TO_32_BIT_CONVERSION = YES;
				GCC_WARN_ABOUT_RETURN_TYPE = YES_ERROR;
				GCC_WARN_UNDECLARED_SELECTOR = YES;
				GCC_WARN_UNINITIALIZED_AUTOS = YES_AGGRESSIVE;
				GCC_WARN_UNUSED_FUNCTION = YES;
				GCC_WARN_UNUSED_VARIABLE = YES;
				IPHONEOS_DEPLOYMENT_TARGET = 14.4;
				MTL_ENABLE_DEBUG_INFO = NO;
				MTL_FAST_MATH = YES;
				SDKROOT = iphoneos;
				SWIFT_COMPILATION_MODE = wholemodule;
				SWIFT_OPTIMIZATION_LEVEL = "-O";
				VALIDATE_PRODUCT = YES;
			};
			name = Release;
		};
		B5CDF30826B9769300614622 /* Debug */ = {
			isa = XCBuildConfiguration;
			baseConfigurationReference = 0E64F92929D9C36E31095998 /* Pods-HomeWorkProject_2.9.debug.xcconfig */;
			buildSettings = {
				ASSETCATALOG_COMPILER_APPICON_NAME = AppIcon;
				ASSETCATALOG_COMPILER_GLOBAL_ACCENT_COLOR_NAME = AccentColor;
				CODE_SIGN_STYLE = Automatic;
				DEVELOPMENT_TEAM = WV9SZ4237Z;
				INFOPLIST_FILE = HomeWorkProject_2.9/Info.plist;
				LD_RUNPATH_SEARCH_PATHS = (
					"$(inherited)",
					"@executable_path/Frameworks",
				);
				PRODUCT_BUNDLE_IDENTIFIER = "MaximGoryachkin.HomeWorkProject-2-9";
				PRODUCT_NAME = "$(TARGET_NAME)";
				SWIFT_VERSION = 5.0;
				TARGETED_DEVICE_FAMILY = "1,2";
			};
			name = Debug;
		};
		B5CDF30926B9769300614622 /* Release */ = {
			isa = XCBuildConfiguration;
			baseConfigurationReference = 03EC81CD9F090EC250C45095 /* Pods-HomeWorkProject_2.9.release.xcconfig */;
			buildSettings = {
				ASSETCATALOG_COMPILER_APPICON_NAME = AppIcon;
				ASSETCATALOG_COMPILER_GLOBAL_ACCENT_COLOR_NAME = AccentColor;
				CODE_SIGN_STYLE = Automatic;
				DEVELOPMENT_TEAM = WV9SZ4237Z;
				INFOPLIST_FILE = HomeWorkProject_2.9/Info.plist;
				LD_RUNPATH_SEARCH_PATHS = (
					"$(inherited)",
					"@executable_path/Frameworks",
				);
				PRODUCT_BUNDLE_IDENTIFIER = "MaximGoryachkin.HomeWorkProject-2-9";
				PRODUCT_NAME = "$(TARGET_NAME)";
				SWIFT_VERSION = 5.0;
				TARGETED_DEVICE_FAMILY = "1,2";
			};
			name = Release;
		};
/* End XCBuildConfiguration section */

/* Begin XCConfigurationList section */
		B5CDF2EE26B9769200614622 /* Build configuration list for PBXProject "HomeWorkProject_2.9" */ = {
			isa = XCConfigurationList;
			buildConfigurations = (
				B5CDF30526B9769300614622 /* Debug */,
				B5CDF30626B9769300614622 /* Release */,
			);
			defaultConfigurationIsVisible = 0;
			defaultConfigurationName = Release;
		};
		B5CDF30726B9769300614622 /* Build configuration list for PBXNativeTarget "HomeWorkProject_2.9" */ = {
			isa = XCConfigurationList;
			buildConfigurations = (
				B5CDF30826B9769300614622 /* Debug */,
				B5CDF30926B9769300614622 /* Release */,
			);
			defaultConfigurationIsVisible = 0;
			defaultConfigurationName = Release;
		};
/* End XCConfigurationList section */
	};
	rootObject = B5CDF2EB26B9769200614622 /* Project object */;
}
